
Microsoft Visual Studio Solution File, Format Version 12.00
# Visual Studio Version 17
VisualStudioVersion = 17.0.31903.59
MinimumVisualStudioVersion = 10.0.40219.1
Project("{FAE04EC0-301F-11D3-BF4B-00C04F79EFBC}") = "is_1_20_Grushko.D.O", "is_1_20_Grushko.D.O\is_1_20_Grushko.D.O.csproj", "{07A0B2D6-620F-4165-9161-096AF91F0489}"
EndProject
Global
	GlobalSection(SolutionConfigurationPlatforms) = preSolution
		Debug|Any CPU = Debug|Any CPU
		Release|Any CPU = Release|Any CPU
	EndGlobalSection
	GlobalSection(ProjectConfigurationPlatforms) = postSolution
		{07A0B2D6-620F-4165-9161-096AF91F0489}.Debug|Any CPU.ActiveCfg = Debug|Any CPU
		{07A0B2D6-620F-4165-9161-096AF91F0489}.Debug|Any CPU.Build.0 = Debug|Any CPU
		{07A0B2D6-620F-4165-9161-096AF91F0489}.Release|Any CPU.ActiveCfg = Release|Any CPU
		{07A0B2D6-620F-4165-9161-096AF91F0489}.Release|Any CPU.Build.0 = Release|Any CPU
	EndGlobalSection
	GlobalSection(SolutionProperties) = preSolution
		HideSolutionNode = FALSE
	EndGlobalSection
	GlobalSection(ExtensibilityGlobals) = postSolution
		SolutionGuid = {480B5EFF-69AC-4A07-B85C-4AA73C16161B}
	EndGlobalSection
EndGlobal
